// !$*UTF8*$!
{
	archiveVersion = 1;
	classes = {
	};
	objectVersion = 56;
	objects = {

/* Begin PBXBuildFile section */
		BA5F0CAA2A71D67F00373CEF /* DatePlannerApp.swift in Sources */ = {isa = PBXBuildFile; fileRef = BA5F0CA92A71D67F00373CEF /* DatePlannerApp.swift */; };
		BA5F0CAE2A71D67F00373CEF /* Assets.xcassets in Resources */ = {isa = PBXBuildFile; fileRef = BA5F0CAD2A71D67F00373CEF /* Assets.xcassets */; };
		BA5F0CB12A71D67F00373CEF /* Preview Assets.xcassets in Resources */ = {isa = PBXBuildFile; fileRef = BA5F0CB02A71D67F00373CEF /* Preview Assets.xcassets */; };
		BA5F0CB82A71D86200373CEF /* Event.swift in Sources */ = {isa = PBXBuildFile; fileRef = BA5F0CB72A71D86200373CEF /* Event.swift */; };
		BA5F0CBA2A71D8B100373CEF /* EventTask.swift in Sources */ = {isa = PBXBuildFile; fileRef = BA5F0CB92A71D8B100373CEF /* EventTask.swift */; };
		BA5F0CBC2A71D8DE00373CEF /* EventData.swift in Sources */ = {isa = PBXBuildFile; fileRef = BA5F0CBB2A71D8DE00373CEF /* EventData.swift */; };
		BA5F0CBE2A71D91B00373CEF /* EventList.swift in Sources */ = {isa = PBXBuildFile; fileRef = BA5F0CBD2A71D91B00373CEF /* EventList.swift */; };
		BA5F0CC02A71DAD000373CEF /* ColorOption.swift in Sources */ = {isa = PBXBuildFile; fileRef = BA5F0CBF2A71DAD000373CEF /* ColorOption.swift */; };
		BA5F0CC22A71DB1F00373CEF /* EventSymbols.swift in Sources */ = {isa = PBXBuildFile; fileRef = BA5F0CC12A71DB1F00373CEF /* EventSymbols.swift */; };
		BA5F0CC42A71DB7100373CEF /* EventEditor.swift in Sources */ = {isa = PBXBuildFile; fileRef = BA5F0CC32A71DB7100373CEF /* EventEditor.swift */; };
		BA5F0CC62A71DBA900373CEF /* EventRow.swift in Sources */ = {isa = PBXBuildFile; fileRef = BA5F0CC52A71DBA900373CEF /* EventRow.swift */; };
		BA5F0CC82A71DC0300373CEF /* EventDetail.swift in Sources */ = {isa = PBXBuildFile; fileRef = BA5F0CC72A71DC0300373CEF /* EventDetail.swift */; };
		BA5F0CCA2A71DC4600373CEF /* SFSymbolStyling.swift in Sources */ = {isa = PBXBuildFile; fileRef = BA5F0CC92A71DC4600373CEF /* SFSymbolStyling.swift */; };
		BA5F0CCC2A71DC8A00373CEF /* TaskRow.swift in Sources */ = {isa = PBXBuildFile; fileRef = BA5F0CCB2A71DC8A00373CEF /* TaskRow.swift */; };
		BA5F0CCE2A71DE3B00373CEF /* SymbolPicker.swift in Sources */ = {isa = PBXBuildFile; fileRef = BA5F0CCD2A71DE3B00373CEF /* SymbolPicker.swift */; };
/* End PBXBuildFile section */

/* Begin PBXFileReference section */
		BA5F0CA62A71D67F00373CEF /* DatePlanner.app */ = {isa = PBXFileReference; explicitFileType = wrapper.application; includeInIndex = 0; path = DatePlanner.app; sourceTree = BUILT_PRODUCTS_DIR; };
		BA5F0CA92A71D67F00373CEF /* DatePlannerApp.swift */ = {isa = PBXFileReference; lastKnownFileType = sourcecode.swift; path = DatePlannerApp.swift; sourceTree = "<group>"; };
		BA5F0CAD2A71D67F00373CEF /* Assets.xcassets */ = {isa = PBXFileReference; lastKnownFileType = folder.assetcatalog; path = Assets.xcassets; sourceTree = "<group>"; };
		BA5F0CB02A71D67F00373CEF /* Preview Assets.xcassets */ = {isa = PBXFileReference; lastKnownFileType = folder.assetcatalog; path = "Preview Assets.xcassets"; sourceTree = "<group>"; };
		BA5F0CB72A71D86200373CEF /* Event.swift */ = {isa = PBXFileReference; lastKnownFileType = sourcecode.swift; path = Event.swift; sourceTree = "<group>"; };
		BA5F0CB92A71D8B100373CEF /* EventTask.swift */ = {isa = PBXFileReference; lastKnownFileType = sourcecode.swift; path = EventTask.swift; sourceTree = "<group>"; };
		BA5F0CBB2A71D8DE00373CEF /* EventData.swift */ = {isa = PBXFileReference; lastKnownFileType = sourcecode.swift; path = EventData.swift; sourceTree = "<group>"; };
		BA5F0CBD2A71D91B00373CEF /* EventList.swift */ = {isa = PBXFileReference; lastKnownFileType = sourcecode.swift; path = EventList.swift; sourceTree = "<group>"; };
		BA5F0CBF2A71DAD000373CEF /* ColorOption.swift */ = {isa = PBXFileReference; lastKnownFileType = sourcecode.swift; path = ColorOption.swift; sourceTree = "<group>"; };
		BA5F0CC12A71DB1F00373CEF /* EventSymbols.swift */ = {isa = PBXFileReference; lastKnownFileType = sourcecode.swift; path = EventSymbols.swift; sourceTree = "<group>"; };
		BA5F0CC32A71DB7100373CEF /* EventEditor.swift */ = {isa = PBXFileReference; lastKnownFileType = sourcecode.swift; path = EventEditor.swift; sourceTree = "<group>"; };
		BA5F0CC52A71DBA900373CEF /* EventRow.swift */ = {isa = PBXFileReference; lastKnownFileType = sourcecode.swift; path = EventRow.swift; sourceTree = "<group>"; };
		BA5F0CC72A71DC0300373CEF /* EventDetail.swift */ = {isa = PBXFileReference; lastKnownFileType = sourcecode.swift; path = EventDetail.swift; sourceTree = "<group>"; };
		BA5F0CC92A71DC4600373CEF /* SFSymbolStyling.swift */ = {isa = PBXFileReference; lastKnownFileType = sourcecode.swift; path = SFSymbolStyling.swift; sourceTree = "<group>"; };
		BA5F0CCB2A71DC8A00373CEF /* TaskRow.swift */ = {isa = PBXFileReference; lastKnownFileType = sourcecode.swift; path = TaskRow.swift; sourceTree = "<group>"; };
		BA5F0CCD2A71DE3B00373CEF /* SymbolPicker.swift */ = {isa = PBXFileReference; lastKnownFileType = sourcecode.swift; path = SymbolPicker.swift; sourceTree = "<group>"; };
/* End PBXFileReference section */

/* Begin PBXFrameworksBuildPhase section */
		BA5F0CA32A71D67F00373CEF /* Frameworks */ = {
			isa = PBXFrameworksBuildPhase;
			buildActionMask = 2147483647;
			files = (
			);
			runOnlyForDeploymentPostprocessing = 0;
		};
/* End PBXFrameworksBuildPhase section */

/* Begin PBXGroup section */
		BA5F0C9D2A71D67F00373CEF = {
			isa = PBXGroup;
			children = (
				BA5F0CA82A71D67F00373CEF /* DatePlanner */,
				BA5F0CA72A71D67F00373CEF /* Products */,
			);
			sourceTree = "<group>";
		};
		BA5F0CA72A71D67F00373CEF /* Products */ = {
			isa = PBXGroup;
			children = (
				BA5F0CA62A71D67F00373CEF /* DatePlanner.app */,
			);
			name = Products;
			sourceTree = "<group>";
		};
		BA5F0CA82A71D67F00373CEF /* DatePlanner */ = {
			isa = PBXGroup;
			children = (
				BA5F0CA92A71D67F00373CEF /* DatePlannerApp.swift */,
				BA5F0CB72A71D86200373CEF /* Event.swift */,
				BA5F0CB92A71D8B100373CEF /* EventTask.swift */,
				BA5F0CBB2A71D8DE00373CEF /* EventData.swift */,
				BA5F0CBD2A71D91B00373CEF /* EventList.swift */,
				BA5F0CBF2A71DAD000373CEF /* ColorOption.swift */,
				BA5F0CC12A71DB1F00373CEF /* EventSymbols.swift */,
				BA5F0CC32A71DB7100373CEF /* EventEditor.swift */,
				BA5F0CC52A71DBA900373CEF /* EventRow.swift */,
				BA5F0CC92A71DC4600373CEF /* SFSymbolStyling.swift */,
				BA5F0CC72A71DC0300373CEF /* EventDetail.swift */,
				BA5F0CCB2A71DC8A00373CEF /* TaskRow.swift */,
				BA5F0CCD2A71DE3B00373CEF /* SymbolPicker.swift */,
				BA5F0CAD2A71D67F00373CEF /* Assets.xcassets */,
				BA5F0CAF2A71D67F00373CEF /* Preview Content */,
			);
			path = DatePlanner;
			sourceTree = "<group>";
		};
		BA5F0CAF2A71D67F00373CEF /* Preview Content */ = {
			isa = PBXGroup;
			children = (
				BA5F0CB02A71D67F00373CEF /* Preview Assets.xcassets */,
			);
			path = "Preview Content";
			sourceTree = "<group>";
		};
/* End PBXGroup section */

/* Begin PBXNativeTarget section */
		BA5F0CA52A71D67F00373CEF /* DatePlanner */ = {
			isa = PBXNativeTarget;
			buildConfigurationList = BA5F0CB42A71D67F00373CEF /* Build configuration list for PBXNativeTarget "DatePlanner" */;
			buildPhases = (
				BA5F0CA22A71D67F00373CEF /* Sources */,
				BA5F0CA32A71D67F00373CEF /* Frameworks */,
				BA5F0CA42A71D67F00373CEF /* Resources */,
			);
			buildRules = (
			);
			dependencies = (
			);
			name = DatePlanner;
			productName = DatePlanner;
			productReference = BA5F0CA62A71D67F00373CEF /* DatePlanner.app */;
			productType = "com.apple.product-type.application";
		};
/* End PBXNativeTarget section */

/* Begin PBXProject section */
		BA5F0C9E2A71D67F00373CEF /* Project object */ = {
			isa = PBXProject;
			attributes = {
				BuildIndependentTargetsInParallel = 1;
				LastSwiftUpdateCheck = 1430;
				LastUpgradeCheck = 1430;
				TargetAttributes = {
					BA5F0CA52A71D67F00373CEF = {
						CreatedOnToolsVersion = 14.3.1;
					};
				};
			};
			buildConfigurationList = BA5F0CA12A71D67F00373CEF /* Build configuration list for PBXProject "DatePlanner" */;
			compatibilityVersion = "Xcode 14.0";
			developmentRegion = en;
			hasScannedForEncodings = 0;
			knownRegions = (
				en,
				Base,
			);
			mainGroup = BA5F0C9D2A71D67F00373CEF;
			productRefGroup = BA5F0CA72A71D67F00373CEF /* Products */;
			projectDirPath = "";
			projectRoot = "";
			targets = (
				BA5F0CA52A71D67F00373CEF /* DatePlanner */,
			);
		};
/* End PBXProject section */

/* Begin PBXResourcesBuildPhase section */
		BA5F0CA42A71D67F00373CEF /* Resources */ = {
			isa = PBXResourcesBuildPhase;
			buildActionMask = 2147483647;
			files = (
				BA5F0CB12A71D67F00373CEF /* Preview Assets.xcassets in Resources */,
				BA5F0CAE2A71D67F00373CEF /* Assets.xcassets in Resources */,
			);
			runOnlyForDeploymentPostprocessing = 0;
		};
/* End PBXResourcesBuildPhase section */

/* Begin PBXSourcesBuildPhase section */
		BA5F0CA22A71D67F00373CEF /* Sources */ = {
			isa = PBXSourcesBuildPhase;
			buildActionMask = 2147483647;
			files = (
				BA5F0CC22A71DB1F00373CEF /* EventSymbols.swift in Sources */,
				BA5F0CCE2A71DE3B00373CEF /* SymbolPicker.swift in Sources */,
				BA5F0CBE2A71D91B00373CEF /* EventList.swift in Sources */,
				BA5F0CC42A71DB7100373CEF /* EventEditor.swift in Sources */,
				BA5F0CB82A71D86200373CEF /* Event.swift in Sources */,
				BA5F0CCC2A71DC8A00373CEF /* TaskRow.swift in Sources */,
				BA5F0CCA2A71DC4600373CEF /* SFSymbolStyling.swift in Sources */,
				BA5F0CC82A71DC0300373CEF /* EventDetail.swift in Sources */,
				BA5F0CBC2A71D8DE00373CEF /* EventData.swift in Sources */,
				BA5F0CAA2A71D67F00373CEF /* DatePlannerApp.swift in Sources */,
				BA5F0CC62A71DBA900373CEF /* EventRow.swift in Sources */,
				BA5F0CBA2A71D8B100373CEF /* EventTask.swift in Sources */,
				BA5F0CC02A71DAD000373CEF /* ColorOption.swift in Sources */,
			);
			runOnlyForDeploymentPostprocessing = 0;
		};
/* End PBXSourcesBuildPhase section */

/* Begin XCBuildConfiguration section */
		BA5F0CB22A71D67F00373CEF /* Debug */ = {
			isa = XCBuildConfiguration;
			buildSettings = {
				ALWAYS_SEARCH_USER_PATHS = NO;
				CLANG_ANALYZER_NONNULL = YES;
				CLANG_ANALYZER_NUMBER_OBJECT_CONVERSION = YES_AGGRESSIVE;
				CLANG_CXX_LANGUAGE_STANDARD = "gnu++20";
				CLANG_ENABLE_MODULES = YES;
				CLANG_ENABLE_OBJC_ARC = YES;
				CLANG_ENABLE_OBJC_WEAK = YES;
				CLANG_WARN_BLOCK_CAPTURE_AUTORELEASING = YES;
				CLANG_WARN_BOOL_CONVERSION = YES;
				CLANG_WARN_COMMA = YES;
				CLANG_WARN_CONSTANT_CONVERSION = YES;
				CLANG_WARN_DEPRECATED_OBJC_IMPLEMENTATIONS = YES;
				CLANG_WARN_DIRECT_OBJC_ISA_USAGE = YES_ERROR;
				CLANG_WARN_DOCUMENTATION_COMMENTS = YES;
				CLANG_WARN_EMPTY_BODY = YES;
				CLANG_WARN_ENUM_CONVERSION = YES;
				CLANG_WARN_INFINITE_RECURSION = YES;
				CLANG_WARN_INT_CONVERSION = YES;
				CLANG_WARN_NON_LITERAL_NULL_CONVERSION = YES;
				CLANG_WARN_OBJC_IMPLICIT_RETAIN_SELF = YES;
				CLANG_WARN_OBJC_LITERAL_CONVERSION = YES;
				CLANG_WARN_OBJC_ROOT_CLASS = YES_ERROR;
				CLANG_WARN_QUOTED_INCLUDE_IN_FRAMEWORK_HEADER = YES;
				CLANG_WARN_RANGE_LOOP_ANALYSIS = YES;
				CLANG_WARN_STRICT_PROTOTYPES = YES;
				CLANG_WARN_SUSPICIOUS_MOVE = YES;
				CLANG_WARN_UNGUARDED_AVAILABILITY = YES_AGGRESSIVE;
				CLANG_WARN_UNREACHABLE_CODE = YES;
				CLANG_WARN__DUPLICATE_METHOD_MATCH = YES;
				COPY_PHASE_STRIP = NO;
				DEBUG_INFORMATION_FORMAT = dwarf;
				ENABLE_STRICT_OBJC_MSGSEND = YES;
				ENABLE_TESTABILITY = YES;
				GCC_C_LANGUAGE_STANDARD = gnu11;
				GCC_DYNAMIC_NO_PIC = NO;
				GCC_NO_COMMON_BLOCKS = YES;
				GCC_OPTIMIZATION_LEVEL = 0;
				GCC_PREPROCESSOR_DEFINITIONS = (
					"DEBUG=1",
					"$(inherited)",
				);
				GCC_WARN_64_TO_32_BIT_CONVERSION = YES;
				GCC_WARN_ABOUT_RETURN_TYPE = YES_ERROR;
				GCC_WARN_UNDECLARED_SELECTOR = YES;
				GCC_WARN_UNINITIALIZED_AUTOS = YES_AGGRESSIVE;
				GCC_WARN_UNUSED_FUNCTION = YES;
				GCC_WARN_UNUSED_VARIABLE = YES;
				IPHONEOS_DEPLOYMENT_TARGET = 16.4;
				MTL_ENABLE_DEBUG_INFO = INCLUDE_SOURCE;
				MTL_FAST_MATH = YES;
				ONLY_ACTIVE_ARCH = YES;
				SDKROOT = iphoneos;
				SWIFT_ACTIVE_COMPILATION_CONDITIONS = DEBUG;
				SWIFT_OPTIMIZATION_LEVEL = "-Onone";
			};
			name = Debug;
		};
		BA5F0CB32A71D67F00373CEF /* Release */ = {
			isa = XCBuildConfiguration;
			buildSettings = {
				ALWAYS_SEARCH_USER_PATHS = NO;
				CLANG_ANALYZER_NONNULL = YES;
				CLANG_ANALYZER_NUMBER_OBJECT_CONVERSION = YES_AGGRESSIVE;
				CLANG_CXX_LANGUAGE_STANDARD = "gnu++20";
				CLANG_ENABLE_MODULES = YES;
				CLANG_ENABLE_OBJC_ARC = YES;
				CLANG_ENABLE_OBJC_WEAK = YES;
				CLANG_WARN_BLOCK_CAPTURE_AUTORELEASING = YES;
				CLANG_WARN_BOOL_CONVERSION = YES;
				CLANG_WARN_COMMA = YES;
				CLANG_WARN_CONSTANT_CONVERSION = YES;
				CLANG_WARN_DEPRECATED_OBJC_IMPLEMENTATIONS = YES;
				CLANG_WARN_DIRECT_OBJC_ISA_USAGE = YES_ERROR;
				CLANG_WARN_DOCUMENTATION_COMMENTS = YES;
				CLANG_WARN_EMPTY_BODY = YES;
				CLANG_WARN_ENUM_CONVERSION = YES;
				CLANG_WARN_INFINITE_RECURSION = YES;
				CLANG_WARN_INT_CONVERSION = YES;
				CLANG_WARN_NON_LITERAL_NULL_CONVERSION = YES;
				CLANG_WARN_OBJC_IMPLICIT_RETAIN_SELF = YES;
				CLANG_WARN_OBJC_LITERAL_CONVERSION = YES;
				CLANG_WARN_OBJC_ROOT_CLASS = YES_ERROR;
				CLANG_WARN_QUOTED_INCLUDE_IN_FRAMEWORK_HEADER = YES;
				CLANG_WARN_RANGE_LOOP_ANALYSIS = YES;
				CLANG_WARN_STRICT_PROTOTYPES = YES;
				CLANG_WARN_SUSPICIOUS_MOVE = YES;
				CLANG_WARN_UNGUARDED_AVAILABILITY = YES_AGGRESSIVE;
				CLANG_WARN_UNREACHABLE_CODE = YES;
				CLANG_WARN__DUPLICATE_METHOD_MATCH = YES;
				COPY_PHASE_STRIP = NO;
				DEBUG_INFORMATION_FORMAT = "dwarf-with-dsym";
				ENABLE_NS_ASSERTIONS = NO;
				ENABLE_STRICT_OBJC_MSGSEND = YES;
				GCC_C_LANGUAGE_STANDARD = gnu11;
				GCC_NO_COMMON_BLOCKS = YES;
				GCC_WARN_64_TO_32_BIT_CONVERSION = YES;
				GCC_WARN_ABOUT_RETURN_TYPE = YES_ERROR;
				GCC_WARN_UNDECLARED_SELECTOR = YES;
				GCC_WARN_UNINITIALIZED_AUTOS = YES_AGGRESSIVE;
				GCC_WARN_UNUSED_FUNCTION = YES;
				GCC_WARN_UNUSED_VARIABLE = YES;
				IPHONEOS_DEPLOYMENT_TARGET = 16.4;
				MTL_ENABLE_DEBUG_INFO = NO;
				MTL_FAST_MATH = YES;
				SDKROOT = iphoneos;
				SWIFT_COMPILATION_MODE = wholemodule;
				SWIFT_OPTIMIZATION_LEVEL = "-O";
				VALIDATE_PRODUCT = YES;
			};
			name = Release;
		};
		BA5F0CB52A71D67F00373CEF /* Debug */ = {
			isa = XCBuildConfiguration;
			buildSettings = {
				ASSETCATALOG_COMPILER_APPICON_NAME = AppIcon;
				ASSETCATALOG_COMPILER_GLOBAL_ACCENT_COLOR_NAME = AccentColor;
				CODE_SIGN_STYLE = Automatic;
				CURRENT_PROJECT_VERSION = 1;
				DEVELOPMENT_ASSET_PATHS = "\"DatePlanner/Preview Content\"";
				DEVELOPMENT_TEAM = ZVH6XSDGG7;
				ENABLE_PREVIEWS = YES;
				GENERATE_INFOPLIST_FILE = YES;
				INFOPLIST_KEY_UIApplicationSceneManifest_Generation = YES;
				INFOPLIST_KEY_UIApplicationSupportsIndirectInputEvents = YES;
				INFOPLIST_KEY_UILaunchScreen_Generation = YES;
				INFOPLIST_KEY_UISupportedInterfaceOrientations_iPad = "UIInterfaceOrientationPortrait UIInterfaceOrientationPortraitUpsideDown UIInterfaceOrientationLandscapeLeft UIInterfaceOrientationLandscapeRight";
				INFOPLIST_KEY_UISupportedInterfaceOrientations_iPhone = "UIInterfaceOrientationPortrait UIInterfaceOrientationLandscapeLeft UIInterfaceOrientationLandscapeRight";
				LD_RUNPATH_SEARCH_PATHS = (
					"$(inherited)",
					"@executable_path/Frameworks",
				);
				MARKETING_VERSION = 1.0;
				PRODUCT_BUNDLE_IDENTIFIER = com.marquezgabriel.DatePlanner;
				PRODUCT_NAME = "$(TARGET_NAME)";
				SWIFT_EMIT_LOC_STRINGS = YES;
				SWIFT_VERSION = 5.0;
				TARGETED_DEVICE_FAMILY = "1,2";
			};
			name = Debug;
		};
		BA5F0CB62A71D67F00373CEF /* Release */ = {
			isa = XCBuildConfiguration;
			buildSettings = {
				ASSETCATALOG_COMPILER_APPICON_NAME = AppIcon;
				ASSETCATALOG_COMPILER_GLOBAL_ACCENT_COLOR_NAME = AccentColor;
				CODE_SIGN_STYLE = Automatic;
				CURRENT_PROJECT_VERSION = 1;
				DEVELOPMENT_ASSET_PATHS = "\"DatePlanner/Preview Content\"";
				DEVELOPMENT_TEAM = ZVH6XSDGG7;
				ENABLE_PREVIEWS = YES;
				GENERATE_INFOPLIST_FILE = YES;
				INFOPLIST_KEY_UIApplicationSceneManifest_Generation = YES;
				INFOPLIST_KEY_UIApplicationSupportsIndirectInputEvents = YES;
				INFOPLIST_KEY_UILaunchScreen_Generation = YES;
				INFOPLIST_KEY_UISupportedInterfaceOrientations_iPad = "UIInterfaceOrientationPortrait UIInterfaceOrientationPortraitUpsideDown UIInterfaceOrientationLandscapeLeft UIInterfaceOrientationLandscapeRight";
				INFOPLIST_KEY_UISupportedInterfaceOrientations_iPhone = "UIInterfaceOrientationPortrait UIInterfaceOrientationLandscapeLeft UIInterfaceOrientationLandscapeRight";
				LD_RUNPATH_SEARCH_PATHS = (
					"$(inherited)",
					"@executable_path/Frameworks",
				);
				MARKETING_VERSION = 1.0;
				PRODUCT_BUNDLE_IDENTIFIER = com.marquezgabriel.DatePlanner;
				PRODUCT_NAME = "$(TARGET_NAME)";
				SWIFT_EMIT_LOC_STRINGS = YES;
				SWIFT_VERSION = 5.0;
				TARGETED_DEVICE_FAMILY = "1,2";
			};
			name = Release;
		};
/* End XCBuildConfiguration section */

/* Begin XCConfigurationList section */
		BA5F0CA12A71D67F00373CEF /* Build configuration list for PBXProject "DatePlanner" */ = {
			isa = XCConfigurationList;
			buildConfigurations = (
				BA5F0CB22A71D67F00373CEF /* Debug */,
				BA5F0CB32A71D67F00373CEF /* Release */,
			);
			defaultConfigurationIsVisible = 0;
			defaultConfigurationName = Release;
		};
		BA5F0CB42A71D67F00373CEF /* Build configuration list for PBXNativeTarget "DatePlanner" */ = {
			isa = XCConfigurationList;
			buildConfigurations = (
				BA5F0CB52A71D67F00373CEF /* Debug */,
				BA5F0CB62A71D67F00373CEF /* Release */,
			);
			defaultConfigurationIsVisible = 0;
			defaultConfigurationName = Release;
		};
/* End XCConfigurationList section */
	};
	rootObject = BA5F0C9E2A71D67F00373CEF /* Project object */;
}
